<Solution>
  <Folder Name="/Solution Items/">
    <File Path="../Directory.Build.props" />
    <File Path="../Directory.Packages.props" />
    <File Path="../tests/Directory.Build.props" />
    <File Path="../global.json" />
    <File Path="../dotnet-tools.json" />
    <File Path="../CLAUDE.md" />
    <File Path="../.dockerignore" />
    <File Path="../.editorconfig" />
    <File Path=".env.example" />
  </Folder>
  <Folder Name="/ApiGateway/">
    <Project Path="ApiGateway/PayNexa.ApiGateway/PayNexa.ApiGateway.csproj" />
  </Folder>
  <Folder Name="/BuildingBlocks/">
    <Project Path="BuildingBlocks/PayNexa.AspNetCore/PayNexa.AspNetCore.csproj" />
    <Project Path="BuildingBlocks/PayNexa.Caching/PayNexa.Caching.csproj" />
    <Project Path="BuildingBlocks/PayNexa.Common/PayNexa.Common.csproj" />
    <Project Path="BuildingBlocks/PayNexa.Logging/PayNexa.Logging.csproj" />
    <Project Path="BuildingBlocks/PayNexa.Messaging/PayNexa.Messaging.csproj" />
    <Project Path="BuildingBlocks/PayNexa.MongoDb/PayNexa.MongoDb.csproj" />
    <Project Path="BuildingBlocks/PayNexa.Observability/PayNexa.Observability.csproj" />
    <Project Path="BuildingBlocks/PayNexa.SqlServer/PayNexa.SqlServer.csproj" />
    <Project Path="BuildingBlocks/PayNexa.Vault/PayNexa.Vault.csproj" />
  </Folder>
  <Folder Name="/Services/" />
  <Folder Name="/Services/Authentication/">
    <Project Path="Services/Authentication/Authentication.API/Authentication.API.csproj" />
    <Project Path="Services/Authentication/Authentication.Application/Authentication.Application.csproj" />
    <Project Path="Services/Authentication/Authentication.Contracts/Authentication.Contracts.csproj" />
    <Project Path="Services/Authentication/Authentication.Domain/Authentication.Domain.csproj" />
    <Project Path="Services/Authentication/Authentication.Infrastructure/Authentication.Infrastructure.csproj" />
  </Folder>
  <Folder Name="/Services/Customer/">
    <Project Path="Services/Customer/Customer.API/Customer.API.csproj" />
    <Project Path="Services/Customer/Customer.Application/Customer.Application.csproj" />
    <Project Path="Services/Customer/Customer.Contracts/Customer.Contracts.csproj" />
    <Project Path="Services/Customer/Customer.Domain/Customer.Domain.csproj" />
    <Project Path="Services/Customer/Customer.Infrastructure/Customer.Infrastructure.csproj" />
  </Folder>
  <Folder Name="/Services/Notification/">
    <Project Path="Services/Notification/Notification.API/Notification.API.csproj" />
    <Project Path="Services/Notification/Notification.Application/Notification.Application.csproj" />
    <Project Path="Services/Notification/Notification.Contracts/Notification.Contracts.csproj" />
    <Project Path="Services/Notification/Notification.Domain/Notification.Domain.csproj" />
    <Project Path="Services/Notification/Notification.Infrastructure/Notification.Infrastructure.csproj" />
  </Folder>
  <Folder Name="/Services/Payment/">
    <Project Path="Services/Payment/Payment.API/Payment.API.csproj" />
    <Project Path="Services/Payment/Payment.Application/Payment.Application.csproj" />
    <Project Path="Services/Payment/Payment.Contracts/Payment.Contracts.csproj" />
    <Project Path="Services/Payment/Payment.Domain/Payment.Domain.csproj" />
    <Project Path="Services/Payment/Payment.Infrastructure/Payment.Infrastructure.csproj" />
  </Folder>
  <Folder Name="/Services/Transaction/">
    <Project Path="Services/Transaction/Transaction.API/Transaction.API.csproj" />
    <Project Path="Services/Transaction/Transaction.Application/Transaction.Application.csproj" />
    <Project Path="Services/Transaction/Transaction.Contracts/Transaction.Contracts.csproj" />
    <Project Path="Services/Transaction/Transaction.Domain/Transaction.Domain.csproj" />
    <Project Path="Services/Transaction/Transaction.Infrastructure/Transaction.Infrastructure.csproj" />
  </Folder>
  <Folder Name="/tests/" />
  <Folder Name="/tests/Unit/">
    <Project Path="../tests/Unit/PayNexa.BuildingBlocks.UnitTests/PayNexa.BuildingBlocks.UnitTests.csproj" />
    <Project Path="../tests/Unit/Authentication.UnitTests/Authentication.UnitTests.csproj" />
    <Project Path="../tests/Unit/Customer.UnitTests/Customer.UnitTests.csproj" />
    <Project Path="../tests/Unit/Notification.UnitTests/Notification.UnitTests.csproj" />
    <Project Path="../tests/Unit/Payment.UnitTests/Payment.UnitTests.csproj" />
    <Project Path="../tests/Unit/Transaction.UnitTests/Transaction.UnitTests.csproj" />
  </Folder>
  <Project Path="docker-compose.dcproj">
    <Build />
  </Project>
</Solution>
